<?xml version="1.0" encoding="utf-8"?>
<Project ToolsVersion="4.0" xmlns="http://schemas.microsoft.com/developer/msbuild/2003">
  <ItemGroup>
    <Filter Include="export">
      <UniqueIdentifier>{c6d9bbbf-ceb2-4ab6-8800-3e64fcd76b1d}</UniqueIdentifier>
    </Filter>
    <Filter Include="source">
      <UniqueIdentifier>{c9378eba-3e7e-4412-b760-6f5f23613c73}</UniqueIdentifier>
    </Filter>
  </ItemGroup>
  <ItemGroup>
    <ClCompile Include="main.cpp">
      <Filter>source</Filter>
    </ClCompile>
    <ClCompile Include="dbgcore.cpp">
      <Filter>export</Filter>
    </ClCompile>
  </ItemGroup>
  <ItemGroup>
    <ClInclude Include="dbgcore.hpp">
      <Filter>export</Filter>
    </ClInclude>
  </ItemGroup>
  <ItemGroup>
    <None Include="exports.def" />
  </ItemGroup>
</Project>